{
  "nodes": {
    "nixpkgs": {
      "locked": {
        "lastModified": 1690026219,
        "narHash": "sha256-oOduRk/kzQxOBknZXTLSEYd7tk+GoKvr8wV6Ab+t4AU=",
        "owner": "NixOS",
        "repo": "nixpkgs",
        "rev": "f465da166263bc0d4b39dfd4ca28b777c92d4b73",
        "type": "github"
      },
      "original": {
        "owner": "NixOS",
        "ref": "nixpkgs-unstable",
        "repo": "nixpkgs",
        "type": "github"
      }
    },
    "nixpkgs-stable": {
      "locked": {
        "lastModified": 1690066826,
        "narHash": "sha256-6L2qb+Zc0BFkh72OS9uuX637gniOjzU6qCDBpjB2LGY=",
        "owner": "NixOS",
        "repo": "nixpkgs",
        "rev": "ce45b591975d070044ca24e3003c830d26fea1c8",
        "type": "github"
      },
      "original": {
        "owner": "NixOS",
        "ref": "release-23.05",
        "repo": "nixpkgs",
        "type": "github"
      }
    },
    "root": {
      "inputs": {
        "nixpkgs": "nixpkgs",
        "nixpkgs-stable": "nixpkgs-stable"
      }
    }
  },
  "root": "root",
  "version": 7
}
