{
  "nodes": {
    "home-manager": {
      "inputs": {
        "nixpkgs": [
          "nixpkgs-unstable"
        ]
      },
      "locked": {
        "lastModified": 1759573136,
        "narHash": "sha256-ILSPD0Dm8p0w0fCVzOx98ZH8yFDrR75GmwmH3fS2VnE=",
        "owner": "nix-community",
        "repo": "home-manager",
        "rev": "5f06ceafc6c9b773a776b9195c3f47bbe1defa43",
        "type": "github"
      },
      "original": {
        "owner": "nix-community",
        "repo": "home-manager",
        "type": "github"
      }
    },
    "nix-darwin": {
      "inputs": {
        "nixpkgs": [
          "nixpkgs-unstable"
        ]
      },
      "locked": {
        "lastModified": 1758805352,
        "narHash": "sha256-BHdc43Lkayd+72W/NXRKHzX5AZ+28F3xaUs3a88/Uew=",
        "owner": "LnL7",
        "repo": "nix-darwin",
        "rev": "c48e963a5558eb1c3827d59d21c5193622a1477c",
        "type": "github"
      },
      "original": {
        "owner": "LnL7",
        "repo": "nix-darwin",
        "type": "github"
      }
    },
    "nixpkgs-stable": {
      "locked": {
        "lastModified": 1759580034,
        "narHash": "sha256-YWo57PL7mGZU7D4WeKFMiW4ex/O6ZolUS6UNBHTZfkI=",
        "ref": "nixos-25.05",
        "rev": "3bcc93c5f7a4b30335d31f21e2f1281cba68c318",
        "shallow": true,
        "type": "git",
        "url": "https://github.com/NixOS/nixpkgs"
      },
      "original": {
        "ref": "nixos-25.05",
        "shallow": true,
        "type": "git",
        "url": "https://github.com/NixOS/nixpkgs"
      }
    },
    "nixpkgs-unstable": {
      "locked": {
        "lastModified": 1759570798,
        "narHash": "sha256-kbkzsUKYzKhuvMOuxt/aTwWU2mnrwoY964yN3Y4dE98=",
        "ref": "nixpkgs-unstable",
        "rev": "0d4f673a88f8405ae14484e6a1ea870e0ba4ca26",
        "shallow": true,
        "type": "git",
        "url": "https://github.com/NixOS/nixpkgs"
      },
      "original": {
        "ref": "nixpkgs-unstable",
        "shallow": true,
        "type": "git",
        "url": "https://github.com/NixOS/nixpkgs"
      }
    },
    "root": {
      "inputs": {
        "home-manager": "home-manager",
        "nix-darwin": "nix-darwin",
        "nixpkgs-stable": "nixpkgs-stable",
        "nixpkgs-unstable": "nixpkgs-unstable",
        "treefmt-nix": "treefmt-nix"
      }
    },
    "treefmt-nix": {
      "inputs": {
        "nixpkgs": [
          "nixpkgs-unstable"
        ]
      },
      "locked": {
        "lastModified": 1758728421,
        "narHash": "sha256-ySNJ008muQAds2JemiyrWYbwbG+V7S5wg3ZVKGHSFu8=",
        "owner": "numtide",
        "repo": "treefmt-nix",
        "rev": "5eda4ee8121f97b218f7cc73f5172098d458f1d1",
        "type": "github"
      },
      "original": {
        "owner": "numtide",
        "repo": "treefmt-nix",
        "type": "github"
      }
    }
  },
  "root": "root",
  "version": 7
}
